# This file is automatically @generated by Cargo.
# It is not intended for manual editing.
[[package]]
name = "getup"
version = "0.1.0"
dependencies = [
 "rust-ini 0.13.0 (registry+https://github.com/rust-lang/crates.io-index)",
]

[[package]]
name = "rust-ini"
version = "0.13.0"
source = "registry+https://github.com/rust-lang/crates.io-index"

[metadata]
"checksum rust-ini 0.13.0 (registry+https://github.com/rust-lang/crates.io-index)" = "3e52c148ef37f8c375d49d5a73aa70713125b7f19095948a923f80afdeb22ec2"
